<?xml version="1.0" encoding="utf-8"?>
<Project ToolsVersion="4.0" xmlns="http://schemas.microsoft.com/developer/msbuild/2003">
  <ItemGroup>
    <ClInclude Include="PreCompile.h">
      <Filter>_PreCompile</Filter>
    </ClInclude>
    <ClInclude Include="PlayGameMode.h">
      <Filter>ContentsObject\GameMode</Filter>
    </ClInclude>
    <ClInclude Include="BabaContentsCore.h">
      <Filter>Core</Filter>
    </ClInclude>
    <ClInclude Include="ContentsEnum.h">
      <Filter>Global</Filter>
    </ClInclude>
    <ClInclude Include="TitleGameMode.h">
      <Filter>ContentsObject\GameMode</Filter>
    </ClInclude>
    <ClInclude Include="TitleLogo.h">
      <Filter>ContentsObject\Title</Filter>
    </ClInclude>
    <ClInclude Include="TitleBackground.h">
      <Filter>ContentsObject\Title</Filter>
    </ClInclude>
    <ClInclude Include="TileMap.h">
      <Filter>ContentsObject\TileMap</Filter>
    </ClInclude>
    <ClInclude Include="Background.h">
      <Filter>ContentsObject\Global</Filter>
    </ClInclude>
    <ClInclude Include="Buttons.h">
      <Filter>ContentsObject\Global</Filter>
    </ClInclude>
    <ClInclude Include="MapGameMode.h">
      <Filter>ContentsObject\GameMode</Filter>
    </ClInclude>
    <ClInclude Include="Map.h">
      <Filter>ContentsObject\Map</Filter>
    </ClInclude>
    <ClInclude Include="TestGameMode.h">
      <Filter>ContentsObject\GameMode</Filter>
    </ClInclude>
    <ClInclude Include="BabaMapGameMode.h">
      <Filter>ContentsObject\GameMode\Global</Filter>
    </ClInclude>
    <ClInclude Include="MapEditor.h">
      <Filter>ContentsObject\GameMode</Filter>
    </ClInclude>
    <ClInclude Include="Fade.h">
      <Filter>ContentsObject\Global</Filter>
    </ClInclude>
    <ClInclude Include="SelectBox.h">
      <Filter>ContentsObject\Map</Filter>
    </ClInclude>
    <ClInclude Include="StagePath.h">
      <Filter>ContentsObject\Play</Filter>
    </ClInclude>
    <ClInclude Include="Congratulations.h">
      <Filter>ContentsObject\Play</Filter>
    </ClInclude>
  </ItemGroup>
  <ItemGroup>
    <ClCompile Include="PreCompile.cpp">
      <Filter>_PreCompile</Filter>
    </ClCompile>
    <ClCompile Include="PlayGameMode.cpp">
      <Filter>ContentsObject\GameMode</Filter>
    </ClCompile>
    <ClCompile Include="BabaContentsCore.cpp">
      <Filter>Core</Filter>
    </ClCompile>
    <ClCompile Include="ContentsEnum.cpp">
      <Filter>Global</Filter>
    </ClCompile>
    <ClCompile Include="TitleGameMode.cpp">
      <Filter>ContentsObject\GameMode</Filter>
    </ClCompile>
    <ClCompile Include="TitleLogo.cpp">
      <Filter>ContentsObject\Title</Filter>
    </ClCompile>
    <ClCompile Include="TitleBackground.cpp">
      <Filter>ContentsObject\Title</Filter>
    </ClCompile>
    <ClCompile Include="TileMap.cpp">
      <Filter>ContentsObject\TileMap</Filter>
    </ClCompile>
    <ClCompile Include="Background.cpp">
      <Filter>ContentsObject\Global</Filter>
    </ClCompile>
    <ClCompile Include="Buttons.cpp">
      <Filter>ContentsObject\Global</Filter>
    </ClCompile>
    <ClCompile Include="MapGameMode.cpp">
      <Filter>ContentsObject\GameMode</Filter>
    </ClCompile>
    <ClCompile Include="Map.cpp">
      <Filter>ContentsObject\Map</Filter>
    </ClCompile>
    <ClCompile Include="TestGameMode.cpp">
      <Filter>ContentsObject\GameMode</Filter>
    </ClCompile>
    <ClCompile Include="BabaMapGameMode.cpp">
      <Filter>ContentsObject\GameMode\Global</Filter>
    </ClCompile>
    <ClCompile Include="MapEditor.cpp">
      <Filter>ContentsObject\GameMode</Filter>
    </ClCompile>
    <ClCompile Include="Fade.cpp">
      <Filter>ContentsObject\Global</Filter>
    </ClCompile>
    <ClCompile Include="SelectBox.cpp">
      <Filter>ContentsObject\Map</Filter>
    </ClCompile>
    <ClCompile Include="StagePath.cpp">
      <Filter>ContentsObject\Play</Filter>
    </ClCompile>
    <ClCompile Include="Congratulations.cpp">
      <Filter>ContentsObject\Play</Filter>
    </ClCompile>
  </ItemGroup>
  <ItemGroup>
    <Filter Include="_PreCompile">
      <UniqueIdentifier>{5ba16629-74b4-476f-b412-2966fd3b54ad}</UniqueIdentifier>
    </Filter>
    <Filter Include="ContentsObject">
      <UniqueIdentifier>{f7c46430-3db2-4000-8937-a364e04dada6}</UniqueIdentifier>
    </Filter>
    <Filter Include="ContentsObject\GameMode">
      <UniqueIdentifier>{8e1ce5a5-2121-42ec-ad1c-d1b2462a1203}</UniqueIdentifier>
    </Filter>
    <Filter Include="Core">
      <UniqueIdentifier>{773a387e-b678-40f7-b4fb-703f62a328cc}</UniqueIdentifier>
    </Filter>
    <Filter Include="Global">
      <UniqueIdentifier>{63f22391-fade-4a41-a54f-91894492f263}</UniqueIdentifier>
    </Filter>
    <Filter Include="ContentsObject\Map">
      <UniqueIdentifier>{e4cb185b-10ed-499f-81ea-08265e5287aa}</UniqueIdentifier>
    </Filter>
    <Filter Include="ContentsObject\Play">
      <UniqueIdentifier>{35f405e9-56d6-4b85-88d2-436ab8f9392c}</UniqueIdentifier>
    </Filter>
    <Filter Include="ContentsObject\Title">
      <UniqueIdentifier>{ef195361-0492-46f8-b1e3-8dbb80030ea1}</UniqueIdentifier>
    </Filter>
    <Filter Include="ContentsObject\Global">
      <UniqueIdentifier>{d392e23a-ac35-4c60-9e84-0e2726ed7dc7}</UniqueIdentifier>
    </Filter>
    <Filter Include="ContentsObject\TileMap">
      <UniqueIdentifier>{2a1cf923-73a4-4341-816f-f8aa5eb4c55c}</UniqueIdentifier>
    </Filter>
    <Filter Include="ContentsObject\GameMode\Global">
      <UniqueIdentifier>{6393b40b-dd1d-4d93-b80f-522ea974ad56}</UniqueIdentifier>
    </Filter>
  </ItemGroup>
</Project>