<?xml version="1.0" encoding="utf-8"?>
<Project ToolsVersion="4.0" xmlns="http://schemas.microsoft.com/developer/msbuild/2003">
  <ItemGroup>
    <ClInclude Include="PreCompile.h">
      <Filter>_PreCompile</Filter>
    </ClInclude>
    <ClInclude Include="EngineAPICore.h">
      <Filter>Core</Filter>
    </ClInclude>
    <ClInclude Include="Actor.h">
      <Filter>Object</Filter>
    </ClInclude>
    <ClInclude Include="GameMode.h">
      <Filter>Object\Actor</Filter>
    </ClInclude>
    <ClInclude Include="Level.h">
      <Filter>Object\Level</Filter>
    </ClInclude>
    <ClInclude Include="ImageManager.h">
      <Filter>Resources</Filter>
    </ClInclude>
    <ClInclude Include="EngineSprite.h">
      <Filter>Resources</Filter>
    </ClInclude>
    <ClInclude Include="SpriteRenderer.h">
      <Filter>Object\Actor\Component\Rendering</Filter>
    </ClInclude>
    <ClInclude Include="SceneComponent.h">
      <Filter>Object\Actor\Component</Filter>
    </ClInclude>
    <ClInclude Include="ActorComponent.h">
      <Filter>Object\Actor\Component</Filter>
    </ClInclude>
    <ClInclude Include="EngineCoreDebug.h">
      <Filter>Debug</Filter>
    </ClInclude>
  </ItemGroup>
  <ItemGroup>
    <ClCompile Include="PreCompile.cpp">
      <Filter>_PreCompile</Filter>
    </ClCompile>
    <ClCompile Include="EngineAPICore.cpp">
      <Filter>Core</Filter>
    </ClCompile>
    <ClCompile Include="Actor.cpp">
      <Filter>Object</Filter>
    </ClCompile>
    <ClCompile Include="GameMode.cpp">
      <Filter>Object\Actor</Filter>
    </ClCompile>
    <ClCompile Include="Level.cpp">
      <Filter>Object\Level</Filter>
    </ClCompile>
    <ClCompile Include="ImageManager.cpp">
      <Filter>Resources</Filter>
    </ClCompile>
    <ClCompile Include="EngineSprite.cpp">
      <Filter>Resources</Filter>
    </ClCompile>
    <ClCompile Include="SpriteRenderer.cpp">
      <Filter>Object\Actor\Component\Rendering</Filter>
    </ClCompile>
    <ClCompile Include="SceneComponent.cpp">
      <Filter>Object\Actor\Component</Filter>
    </ClCompile>
    <ClCompile Include="ActorComponent.cpp">
      <Filter>Object\Actor\Component</Filter>
    </ClCompile>
    <ClCompile Include="EngineCoreDebug.cpp">
      <Filter>Debug</Filter>
    </ClCompile>
  </ItemGroup>
  <ItemGroup>
    <Filter Include="Core">
      <UniqueIdentifier>{da0200a2-424b-4798-b79e-fb9456de1199}</UniqueIdentifier>
    </Filter>
    <Filter Include="_PreCompile">
      <UniqueIdentifier>{a75a81ca-911a-4699-a76d-331ae2a482e4}</UniqueIdentifier>
    </Filter>
    <Filter Include="Object">
      <UniqueIdentifier>{d42be2c7-eef5-4d7e-af73-cd5286dcc0ff}</UniqueIdentifier>
    </Filter>
    <Filter Include="Object\Level">
      <UniqueIdentifier>{3cbabea7-1e9d-4f2f-9bea-42f135226c47}</UniqueIdentifier>
    </Filter>
    <Filter Include="Object\Actor">
      <UniqueIdentifier>{39d0b2e5-9dfa-469d-a960-0520fb17b979}</UniqueIdentifier>
    </Filter>
    <Filter Include="Resources">
      <UniqueIdentifier>{34e5daeb-1c25-4273-ba73-e43e4d2e78c9}</UniqueIdentifier>
    </Filter>
    <Filter Include="Object\Actor\Component">
      <UniqueIdentifier>{505a9723-687e-481d-83ff-7e6a17f30fdc}</UniqueIdentifier>
    </Filter>
    <Filter Include="Object\Actor\Component\Rendering">
      <UniqueIdentifier>{5e0227d2-a32f-4f9d-9ca4-9729fa310dcb}</UniqueIdentifier>
    </Filter>
    <Filter Include="Debug">
      <UniqueIdentifier>{e31f9ff4-5ed1-49d9-b401-9db17789119d}</UniqueIdentifier>
    </Filter>
  </ItemGroup>
</Project>