
Microsoft Visual Studio Solution File, Format Version 12.00
# Visual Studio Version 17
VisualStudioVersion = 17.11.35327.3
MinimumVisualStudioVersion = 10.0.40219.1
Project("{2150E333-8FDC-42A3-9474-1A3956D46DE8}") = "0_Base", "0_Base", "{0752B2F8-D2CD-46A4-AFB4-19574E332AF1}"
EndProject
Project("{2150E333-8FDC-42A3-9474-1A3956D46DE8}") = "1_OS", "1_OS", "{1E6A15E2-CA36-441B-9F8F-446952302008}"
EndProject
Project("{2150E333-8FDC-42A3-9474-1A3956D46DE8}") = "2_Engine", "2_Engine", "{A9B93607-AF5A-4094-BBB4-19A5917C8E96}"
EndProject
Project("{2150E333-8FDC-42A3-9474-1A3956D46DE8}") = "3_Contents", "3_Contents", "{6718497D-6B68-4298-835C-ABA46414EFE6}"
EndProject
Project("{2150E333-8FDC-42A3-9474-1A3956D46DE8}") = "4_App", "4_App", "{44DBD063-684E-456A-B833-86F7880DF2B1}"
EndProject
Project("{8BC9CEB8-8B4A-11D0-8D11-00A0C91BC942}") = "EngineBase", "EngineBase\EngineBase.vcxproj", "{7CD0D4F6-F226-41D4-ADA3-A9BD62A4098C}"
EndProject
Project("{8BC9CEB8-8B4A-11D0-8D11-00A0C91BC942}") = "EnginePlatform", "EnginePlatform\EnginePlatform.vcxproj", "{EE5BA5BF-8DE8-446B-847F-030511FEC131}"
	ProjectSection(ProjectDependencies) = postProject
		{7CD0D4F6-F226-41D4-ADA3-A9BD62A4098C} = {7CD0D4F6-F226-41D4-ADA3-A9BD62A4098C}
	EndProjectSection
EndProject
Project("{8BC9CEB8-8B4A-11D0-8D11-00A0C91BC942}") = "EngineCore", "EngineCore\EngineCore.vcxproj", "{8ECD142F-B66C-44F2-AF9F-F00A46A699B4}"
	ProjectSection(ProjectDependencies) = postProject
		{7CD0D4F6-F226-41D4-ADA3-A9BD62A4098C} = {7CD0D4F6-F226-41D4-ADA3-A9BD62A4098C}
		{EE5BA5BF-8DE8-446B-847F-030511FEC131} = {EE5BA5BF-8DE8-446B-847F-030511FEC131}
	EndProjectSection
EndProject
Project("{8BC9CEB8-8B4A-11D0-8D11-00A0C91BC942}") = "Baba_Is_You", "Baba_Is_You\Baba_Is_You.vcxproj", "{B4959527-4EC8-4E6C-9488-C88CEAAE6CEF}"
	ProjectSection(ProjectDependencies) = postProject
		{7CD0D4F6-F226-41D4-ADA3-A9BD62A4098C} = {7CD0D4F6-F226-41D4-ADA3-A9BD62A4098C}
		{8ECD142F-B66C-44F2-AF9F-F00A46A699B4} = {8ECD142F-B66C-44F2-AF9F-F00A46A699B4}
		{EE5BA5BF-8DE8-446B-847F-030511FEC131} = {EE5BA5BF-8DE8-446B-847F-030511FEC131}
	EndProjectSection
EndProject
Project("{8BC9CEB8-8B4A-11D0-8D11-00A0C91BC942}") = "App", "App\App.vcxproj", "{1BC57D6D-97DE-4A5E-AC77-A3D2C44CCC69}"
	ProjectSection(ProjectDependencies) = postProject
		{7CD0D4F6-F226-41D4-ADA3-A9BD62A4098C} = {7CD0D4F6-F226-41D4-ADA3-A9BD62A4098C}
		{8ECD142F-B66C-44F2-AF9F-F00A46A699B4} = {8ECD142F-B66C-44F2-AF9F-F00A46A699B4}
		{B4959527-4EC8-4E6C-9488-C88CEAAE6CEF} = {B4959527-4EC8-4E6C-9488-C88CEAAE6CEF}
		{EE5BA5BF-8DE8-446B-847F-030511FEC131} = {EE5BA5BF-8DE8-446B-847F-030511FEC131}
	EndProjectSection
EndProject
Global
	GlobalSection(SolutionConfigurationPlatforms) = preSolution
		Debug|x64 = Debug|x64
		Debug|x86 = Debug|x86
		Release|x64 = Release|x64
		Release|x86 = Release|x86
	EndGlobalSection
	GlobalSection(ProjectConfigurationPlatforms) = postSolution
		{7CD0D4F6-F226-41D4-ADA3-A9BD62A4098C}.Debug|x64.ActiveCfg = Debug|x64
		{7CD0D4F6-F226-41D4-ADA3-A9BD62A4098C}.Debug|x64.Build.0 = Debug|x64
		{7CD0D4F6-F226-41D4-ADA3-A9BD62A4098C}.Debug|x86.ActiveCfg = Debug|Win32
		{7CD0D4F6-F226-41D4-ADA3-A9BD62A4098C}.Debug|x86.Build.0 = Debug|Win32
		{7CD0D4F6-F226-41D4-ADA3-A9BD62A4098C}.Release|x64.ActiveCfg = Release|x64
		{7CD0D4F6-F226-41D4-ADA3-A9BD62A4098C}.Release|x64.Build.0 = Release|x64
		{7CD0D4F6-F226-41D4-ADA3-A9BD62A4098C}.Release|x86.ActiveCfg = Release|Win32
		{7CD0D4F6-F226-41D4-ADA3-A9BD62A4098C}.Release|x86.Build.0 = Release|Win32
		{EE5BA5BF-8DE8-446B-847F-030511FEC131}.Debug|x64.ActiveCfg = Debug|x64
		{EE5BA5BF-8DE8-446B-847F-030511FEC131}.Debug|x64.Build.0 = Debug|x64
		{EE5BA5BF-8DE8-446B-847F-030511FEC131}.Debug|x86.ActiveCfg = Debug|Win32
		{EE5BA5BF-8DE8-446B-847F-030511FEC131}.Debug|x86.Build.0 = Debug|Win32
		{EE5BA5BF-8DE8-446B-847F-030511FEC131}.Release|x64.ActiveCfg = Release|x64
		{EE5BA5BF-8DE8-446B-847F-030511FEC131}.Release|x64.Build.0 = Release|x64
		{EE5BA5BF-8DE8-446B-847F-030511FEC131}.Release|x86.ActiveCfg = Release|Win32
		{EE5BA5BF-8DE8-446B-847F-030511FEC131}.Release|x86.Build.0 = Release|Win32
		{8ECD142F-B66C-44F2-AF9F-F00A46A699B4}.Debug|x64.ActiveCfg = Debug|x64
		{8ECD142F-B66C-44F2-AF9F-F00A46A699B4}.Debug|x64.Build.0 = Debug|x64
		{8ECD142F-B66C-44F2-AF9F-F00A46A699B4}.Debug|x86.ActiveCfg = Debug|Win32
		{8ECD142F-B66C-44F2-AF9F-F00A46A699B4}.Debug|x86.Build.0 = Debug|Win32
		{8ECD142F-B66C-44F2-AF9F-F00A46A699B4}.Release|x64.ActiveCfg = Release|x64
		{8ECD142F-B66C-44F2-AF9F-F00A46A699B4}.Release|x64.Build.0 = Release|x64
		{8ECD142F-B66C-44F2-AF9F-F00A46A699B4}.Release|x86.ActiveCfg = Release|Win32
		{8ECD142F-B66C-44F2-AF9F-F00A46A699B4}.Release|x86.Build.0 = Release|Win32
		{B4959527-4EC8-4E6C-9488-C88CEAAE6CEF}.Debug|x64.ActiveCfg = Debug|x64
		{B4959527-4EC8-4E6C-9488-C88CEAAE6CEF}.Debug|x64.Build.0 = Debug|x64
		{B4959527-4EC8-4E6C-9488-C88CEAAE6CEF}.Debug|x86.ActiveCfg = Debug|Win32
		{B4959527-4EC8-4E6C-9488-C88CEAAE6CEF}.Debug|x86.Build.0 = Debug|Win32
		{B4959527-4EC8-4E6C-9488-C88CEAAE6CEF}.Release|x64.ActiveCfg = Release|x64
		{B4959527-4EC8-4E6C-9488-C88CEAAE6CEF}.Release|x64.Build.0 = Release|x64
		{B4959527-4EC8-4E6C-9488-C88CEAAE6CEF}.Release|x86.ActiveCfg = Release|Win32
		{B4959527-4EC8-4E6C-9488-C88CEAAE6CEF}.Release|x86.Build.0 = Release|Win32
		{1BC57D6D-97DE-4A5E-AC77-A3D2C44CCC69}.Debug|x64.ActiveCfg = Debug|x64
		{1BC57D6D-97DE-4A5E-AC77-A3D2C44CCC69}.Debug|x64.Build.0 = Debug|x64
		{1BC57D6D-97DE-4A5E-AC77-A3D2C44CCC69}.Debug|x86.ActiveCfg = Debug|Win32
		{1BC57D6D-97DE-4A5E-AC77-A3D2C44CCC69}.Debug|x86.Build.0 = Debug|Win32
		{1BC57D6D-97DE-4A5E-AC77-A3D2C44CCC69}.Release|x64.ActiveCfg = Release|x64
		{1BC57D6D-97DE-4A5E-AC77-A3D2C44CCC69}.Release|x64.Build.0 = Release|x64
		{1BC57D6D-97DE-4A5E-AC77-A3D2C44CCC69}.Release|x86.ActiveCfg = Release|Win32
		{1BC57D6D-97DE-4A5E-AC77-A3D2C44CCC69}.Release|x86.Build.0 = Release|Win32
	EndGlobalSection
	GlobalSection(SolutionProperties) = preSolution
		HideSolutionNode = FALSE
	EndGlobalSection
	GlobalSection(NestedProjects) = preSolution
		{7CD0D4F6-F226-41D4-ADA3-A9BD62A4098C} = {0752B2F8-D2CD-46A4-AFB4-19574E332AF1}
		{EE5BA5BF-8DE8-446B-847F-030511FEC131} = {1E6A15E2-CA36-441B-9F8F-446952302008}
		{8ECD142F-B66C-44F2-AF9F-F00A46A699B4} = {A9B93607-AF5A-4094-BBB4-19A5917C8E96}
		{B4959527-4EC8-4E6C-9488-C88CEAAE6CEF} = {6718497D-6B68-4298-835C-ABA46414EFE6}
		{1BC57D6D-97DE-4A5E-AC77-A3D2C44CCC69} = {44DBD063-684E-456A-B833-86F7880DF2B1}
	EndGlobalSection
	GlobalSection(ExtensibilityGlobals) = postSolution
		SolutionGuid = {6D61C5F1-5EA7-4D60-9FDB-17E907326FDA}
	EndGlobalSection
EndGlobal
